// !$*UTF8*$!
{
	archiveVersion = 1;
	classes = {
	};
	objectVersion = 55;
	objects = {

/* Begin PBXBuildFile section */
		973BF9A428BD94D10090A5CA /* AppDelegate.swift in Sources */ = {isa = PBXBuildFile; fileRef = 973BF9A328BD94D10090A5CA /* AppDelegate.swift */; };
		973BF9A628BD94D10090A5CA /* SceneDelegate.swift in Sources */ = {isa = PBXBuildFile; fileRef = 973BF9A528BD94D10090A5CA /* SceneDelegate.swift */; };
		973BF9A828BD94D10090A5CA /* ViewController.swift in Sources */ = {isa = PBXBuildFile; fileRef = 973BF9A728BD94D10090A5CA /* ViewController.swift */; };
		973BF9AB28BD94D10090A5CA /* Main.storyboard in Resources */ = {isa = PBXBuildFile; fileRef = 973BF9A928BD94D10090A5CA /* Main.storyboard */; };
		973BF9AD28BD94D30090A5CA /* Assets.xcassets in Resources */ = {isa = PBXBuildFile; fileRef = 973BF9AC28BD94D30090A5CA /* Assets.xcassets */; };
		973BF9B028BD94D30090A5CA /* LaunchScreen.storyboard in Resources */ = {isa = PBXBuildFile; fileRef = 973BF9AE28BD94D30090A5CA /* LaunchScreen.storyboard */; };
		973BF9B928BD94F00090A5CA /* LottoAPIManager.swift in Sources */ = {isa = PBXBuildFile; fileRef = 973BF9B828BD94F00090A5CA /* LottoAPIManager.swift */; };
		973BF9BB28BD9BBA0090A5CA /* Lotto.swift in Sources */ = {isa = PBXBuildFile; fileRef = 973BF9BA28BD9BBA0090A5CA /* Lotto.swift */; };
		973BF9BE28BDA73F0090A5CA /* PersonAPIManager.swift in Sources */ = {isa = PBXBuildFile; fileRef = 973BF9BD28BDA73F0090A5CA /* PersonAPIManager.swift */; };
		973BF9C028BDA85A0090A5CA /* Person.swift in Sources */ = {isa = PBXBuildFile; fileRef = 973BF9BF28BDA85A0090A5CA /* Person.swift */; };
		973BF9C228BDB75B0090A5CA /* URLSession+Extension.swift in Sources */ = {isa = PBXBuildFile; fileRef = 973BF9C128BDB75B0090A5CA /* URLSession+Extension.swift */; };
		97AC152328BEF8D3007089FD /* Observable.swift in Sources */ = {isa = PBXBuildFile; fileRef = 97AC152228BEF8D3007089FD /* Observable.swift */; };
		97AC152528BEFC25007089FD /* PersonViewModel.swift in Sources */ = {isa = PBXBuildFile; fileRef = 97AC152428BEFC25007089FD /* PersonViewModel.swift */; };
/* End PBXBuildFile section */

/* Begin PBXFileReference section */
		973BF9A028BD94D10090A5CA /* Sesac_Week9.app */ = {isa = PBXFileReference; explicitFileType = wrapper.application; includeInIndex = 0; path = Sesac_Week9.app; sourceTree = BUILT_PRODUCTS_DIR; };
		973BF9A328BD94D10090A5CA /* AppDelegate.swift */ = {isa = PBXFileReference; lastKnownFileType = sourcecode.swift; path = AppDelegate.swift; sourceTree = "<group>"; };
		973BF9A528BD94D10090A5CA /* SceneDelegate.swift */ = {isa = PBXFileReference; lastKnownFileType = sourcecode.swift; path = SceneDelegate.swift; sourceTree = "<group>"; };
		973BF9A728BD94D10090A5CA /* ViewController.swift */ = {isa = PBXFileReference; lastKnownFileType = sourcecode.swift; path = ViewController.swift; sourceTree = "<group>"; };
		973BF9AA28BD94D10090A5CA /* Base */ = {isa = PBXFileReference; lastKnownFileType = file.storyboard; name = Base; path = Base.lproj/Main.storyboard; sourceTree = "<group>"; };
		973BF9AC28BD94D30090A5CA /* Assets.xcassets */ = {isa = PBXFileReference; lastKnownFileType = folder.assetcatalog; path = Assets.xcassets; sourceTree = "<group>"; };
		973BF9AF28BD94D30090A5CA /* Base */ = {isa = PBXFileReference; lastKnownFileType = file.storyboard; name = Base; path = Base.lproj/LaunchScreen.storyboard; sourceTree = "<group>"; };
		973BF9B128BD94D30090A5CA /* Info.plist */ = {isa = PBXFileReference; lastKnownFileType = text.plist.xml; path = Info.plist; sourceTree = "<group>"; };
		973BF9B828BD94F00090A5CA /* LottoAPIManager.swift */ = {isa = PBXFileReference; lastKnownFileType = sourcecode.swift; path = LottoAPIManager.swift; sourceTree = "<group>"; };
		973BF9BA28BD9BBA0090A5CA /* Lotto.swift */ = {isa = PBXFileReference; lastKnownFileType = sourcecode.swift; path = Lotto.swift; sourceTree = "<group>"; };
		973BF9BD28BDA73F0090A5CA /* PersonAPIManager.swift */ = {isa = PBXFileReference; lastKnownFileType = sourcecode.swift; path = PersonAPIManager.swift; sourceTree = "<group>"; };
		973BF9BF28BDA85A0090A5CA /* Person.swift */ = {isa = PBXFileReference; lastKnownFileType = sourcecode.swift; path = Person.swift; sourceTree = "<group>"; };
		973BF9C128BDB75B0090A5CA /* URLSession+Extension.swift */ = {isa = PBXFileReference; lastKnownFileType = sourcecode.swift; path = "URLSession+Extension.swift"; sourceTree = "<group>"; };
		97AC152228BEF8D3007089FD /* Observable.swift */ = {isa = PBXFileReference; lastKnownFileType = sourcecode.swift; path = Observable.swift; sourceTree = "<group>"; };
		97AC152428BEFC25007089FD /* PersonViewModel.swift */ = {isa = PBXFileReference; lastKnownFileType = sourcecode.swift; path = PersonViewModel.swift; sourceTree = "<group>"; };
/* End PBXFileReference section */

/* Begin PBXFrameworksBuildPhase section */
		973BF99D28BD94D10090A5CA /* Frameworks */ = {
			isa = PBXFrameworksBuildPhase;
			buildActionMask = 2147483647;
			files = (
			);
			runOnlyForDeploymentPostprocessing = 0;
		};
/* End PBXFrameworksBuildPhase section */

/* Begin PBXGroup section */
		973BF99728BD94D10090A5CA = {
			isa = PBXGroup;
			children = (
				973BF9A228BD94D10090A5CA /* Sesac_Week9 */,
				973BF9A128BD94D10090A5CA /* Products */,
			);
			sourceTree = "<group>";
		};
		973BF9A128BD94D10090A5CA /* Products */ = {
			isa = PBXGroup;
			children = (
				973BF9A028BD94D10090A5CA /* Sesac_Week9.app */,
			);
			name = Products;
			sourceTree = "<group>";
		};
		973BF9A228BD94D10090A5CA /* Sesac_Week9 */ = {
			isa = PBXGroup;
			children = (
				973BF9BC28BDA71A0090A5CA /* Person */,
				973BF9B728BD94E50090A5CA /* Lotto */,
				973BF9A328BD94D10090A5CA /* AppDelegate.swift */,
				973BF9A528BD94D10090A5CA /* SceneDelegate.swift */,
				973BF9A728BD94D10090A5CA /* ViewController.swift */,
				973BF9A928BD94D10090A5CA /* Main.storyboard */,
				973BF9AC28BD94D30090A5CA /* Assets.xcassets */,
				973BF9AE28BD94D30090A5CA /* LaunchScreen.storyboard */,
				973BF9B128BD94D30090A5CA /* Info.plist */,
				973BF9C128BDB75B0090A5CA /* URLSession+Extension.swift */,
				97AC152228BEF8D3007089FD /* Observable.swift */,
			);
			path = Sesac_Week9;
			sourceTree = "<group>";
		};
		973BF9B728BD94E50090A5CA /* Lotto */ = {
			isa = PBXGroup;
			children = (
				973BF9B828BD94F00090A5CA /* LottoAPIManager.swift */,
				973BF9BA28BD9BBA0090A5CA /* Lotto.swift */,
			);
			path = Lotto;
			sourceTree = "<group>";
		};
		973BF9BC28BDA71A0090A5CA /* Person */ = {
			isa = PBXGroup;
			children = (
				973BF9BD28BDA73F0090A5CA /* PersonAPIManager.swift */,
				973BF9BF28BDA85A0090A5CA /* Person.swift */,
				97AC152428BEFC25007089FD /* PersonViewModel.swift */,
			);
			path = Person;
			sourceTree = "<group>";
		};
/* End PBXGroup section */

/* Begin PBXNativeTarget section */
		973BF99F28BD94D10090A5CA /* Sesac_Week9 */ = {
			isa = PBXNativeTarget;
			buildConfigurationList = 973BF9B428BD94D30090A5CA /* Build configuration list for PBXNativeTarget "Sesac_Week9" */;
			buildPhases = (
				973BF99C28BD94D10090A5CA /* Sources */,
				973BF99D28BD94D10090A5CA /* Frameworks */,
				973BF99E28BD94D10090A5CA /* Resources */,
			);
			buildRules = (
			);
			dependencies = (
			);
			name = Sesac_Week9;
			productName = Sesac_Week9;
			productReference = 973BF9A028BD94D10090A5CA /* Sesac_Week9.app */;
			productType = "com.apple.product-type.application";
		};
/* End PBXNativeTarget section */

/* Begin PBXProject section */
		973BF99828BD94D10090A5CA /* Project object */ = {
			isa = PBXProject;
			attributes = {
				BuildIndependentTargetsInParallel = 1;
				LastSwiftUpdateCheck = 1340;
				LastUpgradeCheck = 1340;
				TargetAttributes = {
					973BF99F28BD94D10090A5CA = {
						CreatedOnToolsVersion = 13.4.1;
					};
				};
			};
			buildConfigurationList = 973BF99B28BD94D10090A5CA /* Build configuration list for PBXProject "Sesac_Week9" */;
			compatibilityVersion = "Xcode 13.0";
			developmentRegion = en;
			hasScannedForEncodings = 0;
			knownRegions = (
				en,
				Base,
			);
			mainGroup = 973BF99728BD94D10090A5CA;
			productRefGroup = 973BF9A128BD94D10090A5CA /* Products */;
			projectDirPath = "";
			projectRoot = "";
			targets = (
				973BF99F28BD94D10090A5CA /* Sesac_Week9 */,
			);
		};
/* End PBXProject section */

/* Begin PBXResourcesBuildPhase section */
		973BF99E28BD94D10090A5CA /* Resources */ = {
			isa = PBXResourcesBuildPhase;
			buildActionMask = 2147483647;
			files = (
				973BF9B028BD94D30090A5CA /* LaunchScreen.storyboard in Resources */,
				973BF9AD28BD94D30090A5CA /* Assets.xcassets in Resources */,
				973BF9AB28BD94D10090A5CA /* Main.storyboard in Resources */,
			);
			runOnlyForDeploymentPostprocessing = 0;
		};
/* End PBXResourcesBuildPhase section */

/* Begin PBXSourcesBuildPhase section */
		973BF99C28BD94D10090A5CA /* Sources */ = {
			isa = PBXSourcesBuildPhase;
			buildActionMask = 2147483647;
			files = (
				973BF9A828BD94D10090A5CA /* ViewController.swift in Sources */,
				97AC152528BEFC25007089FD /* PersonViewModel.swift in Sources */,
				973BF9BB28BD9BBA0090A5CA /* Lotto.swift in Sources */,
				973BF9A428BD94D10090A5CA /* AppDelegate.swift in Sources */,
				973BF9BE28BDA73F0090A5CA /* PersonAPIManager.swift in Sources */,
				97AC152328BEF8D3007089FD /* Observable.swift in Sources */,
				973BF9C228BDB75B0090A5CA /* URLSession+Extension.swift in Sources */,
				973BF9C028BDA85A0090A5CA /* Person.swift in Sources */,
				973BF9A628BD94D10090A5CA /* SceneDelegate.swift in Sources */,
				973BF9B928BD94F00090A5CA /* LottoAPIManager.swift in Sources */,
			);
			runOnlyForDeploymentPostprocessing = 0;
		};
/* End PBXSourcesBuildPhase section */

/* Begin PBXVariantGroup section */
		973BF9A928BD94D10090A5CA /* Main.storyboard */ = {
			isa = PBXVariantGroup;
			children = (
				973BF9AA28BD94D10090A5CA /* Base */,
			);
			name = Main.storyboard;
			sourceTree = "<group>";
		};
		973BF9AE28BD94D30090A5CA /* LaunchScreen.storyboard */ = {
			isa = PBXVariantGroup;
			children = (
				973BF9AF28BD94D30090A5CA /* Base */,
			);
			name = LaunchScreen.storyboard;
			sourceTree = "<group>";
		};
/* End PBXVariantGroup section */

/* Begin XCBuildConfiguration section */
		973BF9B228BD94D30090A5CA /* Debug */ = {
			isa = XCBuildConfiguration;
			buildSettings = {
				ALWAYS_SEARCH_USER_PATHS = NO;
				CLANG_ANALYZER_NONNULL = YES;
				CLANG_ANALYZER_NUMBER_OBJECT_CONVERSION = YES_AGGRESSIVE;
				CLANG_CXX_LANGUAGE_STANDARD = "gnu++17";
				CLANG_ENABLE_MODULES = YES;
				CLANG_ENABLE_OBJC_ARC = YES;
				CLANG_ENABLE_OBJC_WEAK = YES;
				CLANG_WARN_BLOCK_CAPTURE_AUTORELEASING = YES;
				CLANG_WARN_BOOL_CONVERSION = YES;
				CLANG_WARN_COMMA = YES;
				CLANG_WARN_CONSTANT_CONVERSION = YES;
				CLANG_WARN_DEPRECATED_OBJC_IMPLEMENTATIONS = YES;
				CLANG_WARN_DIRECT_OBJC_ISA_USAGE = YES_ERROR;
				CLANG_WARN_DOCUMENTATION_COMMENTS = YES;
				CLANG_WARN_EMPTY_BODY = YES;
				CLANG_WARN_ENUM_CONVERSION = YES;
				CLANG_WARN_INFINITE_RECURSION = YES;
				CLANG_WARN_INT_CONVERSION = YES;
				CLANG_WARN_NON_LITERAL_NULL_CONVERSION = YES;
				CLANG_WARN_OBJC_IMPLICIT_RETAIN_SELF = YES;
				CLANG_WARN_OBJC_LITERAL_CONVERSION = YES;
				CLANG_WARN_OBJC_ROOT_CLASS = YES_ERROR;
				CLANG_WARN_QUOTED_INCLUDE_IN_FRAMEWORK_HEADER = YES;
				CLANG_WARN_RANGE_LOOP_ANALYSIS = YES;
				CLANG_WARN_STRICT_PROTOTYPES = YES;
				CLANG_WARN_SUSPICIOUS_MOVE = YES;
				CLANG_WARN_UNGUARDED_AVAILABILITY = YES_AGGRESSIVE;
				CLANG_WARN_UNREACHABLE_CODE = YES;
				CLANG_WARN__DUPLICATE_METHOD_MATCH = YES;
				COPY_PHASE_STRIP = NO;
				DEBUG_INFORMATION_FORMAT = dwarf;
				ENABLE_STRICT_OBJC_MSGSEND = YES;
				ENABLE_TESTABILITY = YES;
				GCC_C_LANGUAGE_STANDARD = gnu11;
				GCC_DYNAMIC_NO_PIC = NO;
				GCC_NO_COMMON_BLOCKS = YES;
				GCC_OPTIMIZATION_LEVEL = 0;
				GCC_PREPROCESSOR_DEFINITIONS = (
					"DEBUG=1",
					"$(inherited)",
				);
				GCC_WARN_64_TO_32_BIT_CONVERSION = YES;
				GCC_WARN_ABOUT_RETURN_TYPE = YES_ERROR;
				GCC_WARN_UNDECLARED_SELECTOR = YES;
				GCC_WARN_UNINITIALIZED_AUTOS = YES_AGGRESSIVE;
				GCC_WARN_UNUSED_FUNCTION = YES;
				GCC_WARN_UNUSED_VARIABLE = YES;
				IPHONEOS_DEPLOYMENT_TARGET = 15.5;
				MTL_ENABLE_DEBUG_INFO = INCLUDE_SOURCE;
				MTL_FAST_MATH = YES;
				ONLY_ACTIVE_ARCH = YES;
				SDKROOT = iphoneos;
				SWIFT_ACTIVE_COMPILATION_CONDITIONS = DEBUG;
				SWIFT_OPTIMIZATION_LEVEL = "-Onone";
			};
			name = Debug;
		};
		973BF9B328BD94D30090A5CA /* Release */ = {
			isa = XCBuildConfiguration;
			buildSettings = {
				ALWAYS_SEARCH_USER_PATHS = NO;
				CLANG_ANALYZER_NONNULL = YES;
				CLANG_ANALYZER_NUMBER_OBJECT_CONVERSION = YES_AGGRESSIVE;
				CLANG_CXX_LANGUAGE_STANDARD = "gnu++17";
				CLANG_ENABLE_MODULES = YES;
				CLANG_ENABLE_OBJC_ARC = YES;
				CLANG_ENABLE_OBJC_WEAK = YES;
				CLANG_WARN_BLOCK_CAPTURE_AUTORELEASING = YES;
				CLANG_WARN_BOOL_CONVERSION = YES;
				CLANG_WARN_COMMA = YES;
				CLANG_WARN_CONSTANT_CONVERSION = YES;
				CLANG_WARN_DEPRECATED_OBJC_IMPLEMENTATIONS = YES;
				CLANG_WARN_DIRECT_OBJC_ISA_USAGE = YES_ERROR;
				CLANG_WARN_DOCUMENTATION_COMMENTS = YES;
				CLANG_WARN_EMPTY_BODY = YES;
				CLANG_WARN_ENUM_CONVERSION = YES;
				CLANG_WARN_INFINITE_RECURSION = YES;
				CLANG_WARN_INT_CONVERSION = YES;
				CLANG_WARN_NON_LITERAL_NULL_CONVERSION = YES;
				CLANG_WARN_OBJC_IMPLICIT_RETAIN_SELF = YES;
				CLANG_WARN_OBJC_LITERAL_CONVERSION = YES;
				CLANG_WARN_OBJC_ROOT_CLASS = YES_ERROR;
				CLANG_WARN_QUOTED_INCLUDE_IN_FRAMEWORK_HEADER = YES;
				CLANG_WARN_RANGE_LOOP_ANALYSIS = YES;
				CLANG_WARN_STRICT_PROTOTYPES = YES;
				CLANG_WARN_SUSPICIOUS_MOVE = YES;
				CLANG_WARN_UNGUARDED_AVAILABILITY = YES_AGGRESSIVE;
				CLANG_WARN_UNREACHABLE_CODE = YES;
				CLANG_WARN__DUPLICATE_METHOD_MATCH = YES;
				COPY_PHASE_STRIP = NO;
				DEBUG_INFORMATION_FORMAT = "dwarf-with-dsym";
				ENABLE_NS_ASSERTIONS = NO;
				ENABLE_STRICT_OBJC_MSGSEND = YES;
				GCC_C_LANGUAGE_STANDARD = gnu11;
				GCC_NO_COMMON_BLOCKS = YES;
				GCC_WARN_64_TO_32_BIT_CONVERSION = YES;
				GCC_WARN_ABOUT_RETURN_TYPE = YES_ERROR;
				GCC_WARN_UNDECLARED_SELECTOR = YES;
				GCC_WARN_UNINITIALIZED_AUTOS = YES_AGGRESSIVE;
				GCC_WARN_UNUSED_FUNCTION = YES;
				GCC_WARN_UNUSED_VARIABLE = YES;
				IPHONEOS_DEPLOYMENT_TARGET = 15.5;
				MTL_ENABLE_DEBUG_INFO = NO;
				MTL_FAST_MATH = YES;
				SDKROOT = iphoneos;
				SWIFT_COMPILATION_MODE = wholemodule;
				SWIFT_OPTIMIZATION_LEVEL = "-O";
				VALIDATE_PRODUCT = YES;
			};
			name = Release;
		};
		973BF9B528BD94D30090A5CA /* Debug */ = {
			isa = XCBuildConfiguration;
			buildSettings = {
				ASSETCATALOG_COMPILER_APPICON_NAME = AppIcon;
				ASSETCATALOG_COMPILER_GLOBAL_ACCENT_COLOR_NAME = AccentColor;
				CODE_SIGN_STYLE = Automatic;
				CURRENT_PROJECT_VERSION = 1;
				DEVELOPMENT_TEAM = 3C6U386B4C;
				GENERATE_INFOPLIST_FILE = YES;
				INFOPLIST_FILE = Sesac_Week9/Info.plist;
				INFOPLIST_KEY_UIApplicationSupportsIndirectInputEvents = YES;
				INFOPLIST_KEY_UILaunchStoryboardName = LaunchScreen;
				INFOPLIST_KEY_UIMainStoryboardFile = Main;
				INFOPLIST_KEY_UISupportedInterfaceOrientations_iPad = "UIInterfaceOrientationPortrait UIInterfaceOrientationPortraitUpsideDown UIInterfaceOrientationLandscapeLeft UIInterfaceOrientationLandscapeRight";
				INFOPLIST_KEY_UISupportedInterfaceOrientations_iPhone = "UIInterfaceOrientationPortrait UIInterfaceOrientationLandscapeLeft UIInterfaceOrientationLandscapeRight";
				LD_RUNPATH_SEARCH_PATHS = (
					"$(inherited)",
					"@executable_path/Frameworks",
				);
				MARKETING_VERSION = 1.0;
				PRODUCT_BUNDLE_IDENTIFIER = "com.hee.Sesac-Week9";
				PRODUCT_NAME = "$(TARGET_NAME)";
				SWIFT_EMIT_LOC_STRINGS = YES;
				SWIFT_VERSION = 5.0;
				TARGETED_DEVICE_FAMILY = "1,2";
			};
			name = Debug;
		};
		973BF9B628BD94D30090A5CA /* Release */ = {
			isa = XCBuildConfiguration;
			buildSettings = {
				ASSETCATALOG_COMPILER_APPICON_NAME = AppIcon;
				ASSETCATALOG_COMPILER_GLOBAL_ACCENT_COLOR_NAME = AccentColor;
				CODE_SIGN_STYLE = Automatic;
				CURRENT_PROJECT_VERSION = 1;
				DEVELOPMENT_TEAM = 3C6U386B4C;
				GENERATE_INFOPLIST_FILE = YES;
				INFOPLIST_FILE = Sesac_Week9/Info.plist;
				INFOPLIST_KEY_UIApplicationSupportsIndirectInputEvents = YES;
				INFOPLIST_KEY_UILaunchStoryboardName = LaunchScreen;
				INFOPLIST_KEY_UIMainStoryboardFile = Main;
				INFOPLIST_KEY_UISupportedInterfaceOrientations_iPad = "UIInterfaceOrientationPortrait UIInterfaceOrientationPortraitUpsideDown UIInterfaceOrientationLandscapeLeft UIInterfaceOrientationLandscapeRight";
				INFOPLIST_KEY_UISupportedInterfaceOrientations_iPhone = "UIInterfaceOrientationPortrait UIInterfaceOrientationLandscapeLeft UIInterfaceOrientationLandscapeRight";
				LD_RUNPATH_SEARCH_PATHS = (
					"$(inherited)",
					"@executable_path/Frameworks",
				);
				MARKETING_VERSION = 1.0;
				PRODUCT_BUNDLE_IDENTIFIER = "com.hee.Sesac-Week9";
				PRODUCT_NAME = "$(TARGET_NAME)";
				SWIFT_EMIT_LOC_STRINGS = YES;
				SWIFT_VERSION = 5.0;
				TARGETED_DEVICE_FAMILY = "1,2";
			};
			name = Release;
		};
/* End XCBuildConfiguration section */

/* Begin XCConfigurationList section */
		973BF99B28BD94D10090A5CA /* Build configuration list for PBXProject "Sesac_Week9" */ = {
			isa = XCConfigurationList;
			buildConfigurations = (
				973BF9B228BD94D30090A5CA /* Debug */,
				973BF9B328BD94D30090A5CA /* Release */,
			);
			defaultConfigurationIsVisible = 0;
			defaultConfigurationName = Release;
		};
		973BF9B428BD94D30090A5CA /* Build configuration list for PBXNativeTarget "Sesac_Week9" */ = {
			isa = XCConfigurationList;
			buildConfigurations = (
				973BF9B528BD94D30090A5CA /* Debug */,
				973BF9B628BD94D30090A5CA /* Release */,
			);
			defaultConfigurationIsVisible = 0;
			defaultConfigurationName = Release;
		};
/* End XCConfigurationList section */
	};
	rootObject = 973BF99828BD94D10090A5CA /* Project object */;
}
